
Microsoft Visual Studio Solution File, Format Version 12.00
# Visual Studio Version 17
VisualStudioVersion = 17.1.32328.378
MinimumVisualStudioVersion = 10.0.40219.1
Project("{FAE04EC0-301F-11D3-BF4B-00C04F79EFBC}") = "killmewpf", "killmewpf\killmewpf.csproj", "{73578C51-DD4B-453F-ACA8-B88B5A6D0EC8}"
EndProject
Global
	GlobalSection(SolutionConfigurationPlatforms) = preSolution
		Debug|Any CPU = Debug|Any CPU
		Release|Any CPU = Release|Any CPU
	EndGlobalSection
	GlobalSection(ProjectConfigurationPlatforms) = postSolution
		{73578C51-DD4B-453F-ACA8-B88B5A6D0EC8}.Debug|Any CPU.ActiveCfg = Debug|Any CPU
		{73578C51-DD4B-453F-ACA8-B88B5A6D0EC8}.Debug|Any CPU.Build.0 = Debug|Any CPU
		{73578C51-DD4B-453F-ACA8-B88B5A6D0EC8}.Release|Any CPU.ActiveCfg = Release|Any CPU
		{73578C51-DD4B-453F-ACA8-B88B5A6D0EC8}.Release|Any CPU.Build.0 = Release|Any CPU
	EndGlobalSection
	GlobalSection(SolutionProperties) = preSolution
		HideSolutionNode = FALSE
	EndGlobalSection
	GlobalSection(ExtensibilityGlobals) = postSolution
		SolutionGuid = {70F28E0B-F61B-4365-B1A0-D154B3419BC6}
	EndGlobalSection
EndGlobal
